uuid: 21fd3fb2-593e-43af-beb3-92a92783b8e3
langcode: en
status: false
dependencies:
  config:
    - views.view.projects
  module:
    - system
    - views
  theme:
    - jeffgeerling
id: views_block__projects_block
theme: jeffgeerling
region: sidebar_second
weight: -7
provider: null
plugin: 'views_block:projects-block'
settings:
  id: 'views_block:projects-block'
  label: ''
  label_display: visible
  provider: views
  views_label: ''
  items_per_page: none
visibility:
  request_path:
    id: request_path
    negate: false
    context_mapping: {  }
    pages: '<front>'
